
Microsoft Visual Studio Solution File, Format Version 12.00
# Visual Studio 2017
Project("{FAE04EC0-301F-11D3-BF4B-00C04F79EFBC}") = "walldefense", "walldefense.csproj", "{16BDD0C7-144B-CA89-03F7-502D2C469539}"
EndProject
Global
	GlobalSection(SolutionConfigurationPlatforms) = preSolution
		Debug|Any CPU = Debug|Any CPU
		Release|Any CPU = Release|Any CPU
	EndGlobalSection
	GlobalSection(ProjectConfigurationPlatforms) = postSolution
		{16BDD0C7-144B-CA89-03F7-502D2C469539}.Debug|Any CPU.ActiveCfg = Debug|Any CPU
		{16BDD0C7-144B-CA89-03F7-502D2C469539}.Debug|Any CPU.Build.0 = Debug|Any CPU
		{16BDD0C7-144B-CA89-03F7-502D2C469539}.Release|Any CPU.ActiveCfg = Release|Any CPU
		{16BDD0C7-144B-CA89-03F7-502D2C469539}.Release|Any CPU.Build.0 = Release|Any CPU
	EndGlobalSection
	GlobalSection(SolutionProperties) = preSolution
		HideSolutionNode = FALSE
	EndGlobalSection
EndGlobal
